
Microsoft Visual Studio Solution File, Format Version 12.00
Project("{FAE04EC0-301F-11D3-BF4B-00C04F79EFBC}") = "Builder", "Builder.csproj", "{6785B3C6-E667-41C6-8C98-9BBD92E0262C}"
EndProject
Global
	GlobalSection(SolutionConfigurationPlatforms) = preSolution
		Debug|Any CPU = Debug|Any CPU
		Release|Any CPU = Release|Any CPU
	EndGlobalSection
	GlobalSection(ProjectConfigurationPlatforms) = postSolution
		{6785B3C6-E667-41C6-8C98-9BBD92E0262C}.Debug|Any CPU.ActiveCfg = Debug|Any CPU
		{6785B3C6-E667-41C6-8C98-9BBD92E0262C}.Debug|Any CPU.Build.0 = Debug|Any CPU
		{6785B3C6-E667-41C6-8C98-9BBD92E0262C}.Release|Any CPU.ActiveCfg = Release|Any CPU
		{6785B3C6-E667-41C6-8C98-9BBD92E0262C}.Release|Any CPU.Build.0 = Release|Any CPU
	EndGlobalSection
EndGlobal
