
Microsoft Visual Studio Solution File, Format Version 12.00
# Visual Studio Version 16
VisualStudioVersion = 16.0.31112.23
MinimumVisualStudioVersion = 10.0.40219.1
Project("{FAE04EC0-301F-11D3-BF4B-00C04F79EFBC}") = "PizzaBuilder", "PizzaBuilder\PizzaBuilder.csproj", "{882E3730-68AA-44BC-89CC-94E9A435B9D0}"
EndProject
Global
	GlobalSection(SolutionConfigurationPlatforms) = preSolution
		Debug|Any CPU = Debug|Any CPU
		Release|Any CPU = Release|Any CPU
	EndGlobalSection
	GlobalSection(ProjectConfigurationPlatforms) = postSolution
		{882E3730-68AA-44BC-89CC-94E9A435B9D0}.Debug|Any CPU.ActiveCfg = Debug|Any CPU
		{882E3730-68AA-44BC-89CC-94E9A435B9D0}.Debug|Any CPU.Build.0 = Debug|Any CPU
		{882E3730-68AA-44BC-89CC-94E9A435B9D0}.Release|Any CPU.ActiveCfg = Release|Any CPU
		{882E3730-68AA-44BC-89CC-94E9A435B9D0}.Release|Any CPU.Build.0 = Release|Any CPU
	EndGlobalSection
	GlobalSection(SolutionProperties) = preSolution
		HideSolutionNode = FALSE
	EndGlobalSection
	GlobalSection(ExtensibilityGlobals) = postSolution
		SolutionGuid = {EA411229-E40A-4CFE-91A3-FB1223D0F148}
	EndGlobalSection
EndGlobal
