
Microsoft Visual Studio Solution File, Format Version 12.00
# Visual Studio Version 16
VisualStudioVersion = 16.0.31129.286
MinimumVisualStudioVersion = 10.0.40219.1
Project("{FAE04EC0-301F-11D3-BF4B-00C04F79EFBC}") = "PizzaMaker", "PizzaMaker\PizzaMaker.csproj", "{92F2903F-A2FD-4270-BE0A-3E10E4E36E88}"
EndProject
Global
	GlobalSection(SolutionConfigurationPlatforms) = preSolution
		Debug|Any CPU = Debug|Any CPU
		Release|Any CPU = Release|Any CPU
	EndGlobalSection
	GlobalSection(ProjectConfigurationPlatforms) = postSolution
		{92F2903F-A2FD-4270-BE0A-3E10E4E36E88}.Debug|Any CPU.ActiveCfg = Debug|Any CPU
		{92F2903F-A2FD-4270-BE0A-3E10E4E36E88}.Debug|Any CPU.Build.0 = Debug|Any CPU
		{92F2903F-A2FD-4270-BE0A-3E10E4E36E88}.Release|Any CPU.ActiveCfg = Release|Any CPU
		{92F2903F-A2FD-4270-BE0A-3E10E4E36E88}.Release|Any CPU.Build.0 = Release|Any CPU
	EndGlobalSection
	GlobalSection(SolutionProperties) = preSolution
		HideSolutionNode = FALSE
	EndGlobalSection
	GlobalSection(ExtensibilityGlobals) = postSolution
		SolutionGuid = {D0CEC7D3-6E5F-42F7-A55A-5B5E8EF5B4C7}
	EndGlobalSection
EndGlobal
