
Microsoft Visual Studio Solution File, Format Version 12.00
# Visual Studio Version 16
VisualStudioVersion = 16.0.31313.79
MinimumVisualStudioVersion = 10.0.40219.1
Project("{FAE04EC0-301F-11D3-BF4B-00C04F79EFBC}") = "PizzaBuilder", "PizzaBuilder\PizzaBuilder.csproj", "{B7AAB227-6FED-493A-8B16-8A771B647FBB}"
EndProject
Global
	GlobalSection(SolutionConfigurationPlatforms) = preSolution
		Debug|Any CPU = Debug|Any CPU
		Release|Any CPU = Release|Any CPU
	EndGlobalSection
	GlobalSection(ProjectConfigurationPlatforms) = postSolution
		{B7AAB227-6FED-493A-8B16-8A771B647FBB}.Debug|Any CPU.ActiveCfg = Debug|Any CPU
		{B7AAB227-6FED-493A-8B16-8A771B647FBB}.Debug|Any CPU.Build.0 = Debug|Any CPU
		{B7AAB227-6FED-493A-8B16-8A771B647FBB}.Release|Any CPU.ActiveCfg = Release|Any CPU
		{B7AAB227-6FED-493A-8B16-8A771B647FBB}.Release|Any CPU.Build.0 = Release|Any CPU
	EndGlobalSection
	GlobalSection(SolutionProperties) = preSolution
		HideSolutionNode = FALSE
	EndGlobalSection
	GlobalSection(ExtensibilityGlobals) = postSolution
		SolutionGuid = {03A04A3B-412B-4F99-B0B2-1FDF32FB6281}
	EndGlobalSection
EndGlobal
