
Microsoft Visual Studio Solution File, Format Version 12.00
# Visual Studio Version 16
VisualStudioVersion = 16.0.31112.23
MinimumVisualStudioVersion = 10.0.40219.1
Project("{FAE04EC0-301F-11D3-BF4B-00C04F79EFBC}") = "PizzaBuilder", "PizzaBuilder\PizzaBuilder.csproj", "{AE0C9FFE-18EF-4480-8032-CEA8783D5864}"
EndProject
Global
	GlobalSection(SolutionConfigurationPlatforms) = preSolution
		Debug|Any CPU = Debug|Any CPU
		Release|Any CPU = Release|Any CPU
	EndGlobalSection
	GlobalSection(ProjectConfigurationPlatforms) = postSolution
		{AE0C9FFE-18EF-4480-8032-CEA8783D5864}.Debug|Any CPU.ActiveCfg = Debug|Any CPU
		{AE0C9FFE-18EF-4480-8032-CEA8783D5864}.Debug|Any CPU.Build.0 = Debug|Any CPU
		{AE0C9FFE-18EF-4480-8032-CEA8783D5864}.Release|Any CPU.ActiveCfg = Release|Any CPU
		{AE0C9FFE-18EF-4480-8032-CEA8783D5864}.Release|Any CPU.Build.0 = Release|Any CPU
	EndGlobalSection
	GlobalSection(SolutionProperties) = preSolution
		HideSolutionNode = FALSE
	EndGlobalSection
	GlobalSection(ExtensibilityGlobals) = postSolution
		SolutionGuid = {DEBE56D4-225D-4CB5-BFA8-9D3F688B4B65}
	EndGlobalSection
EndGlobal
