
Microsoft Visual Studio Solution File, Format Version 12.00
# Visual Studio Version 16
VisualStudioVersion = 16.0.31129.286
MinimumVisualStudioVersion = 10.0.40219.1
Project("{FAE04EC0-301F-11D3-BF4B-00C04F79EFBC}") = "PizzaBuilder", "PizzaBuilder\PizzaBuilder.csproj", "{3B7E87C1-9DAC-4109-B60A-4526A98B7640}"
EndProject
Global
	GlobalSection(SolutionConfigurationPlatforms) = preSolution
		Debug|Any CPU = Debug|Any CPU
		Release|Any CPU = Release|Any CPU
	EndGlobalSection
	GlobalSection(ProjectConfigurationPlatforms) = postSolution
		{3B7E87C1-9DAC-4109-B60A-4526A98B7640}.Debug|Any CPU.ActiveCfg = Debug|Any CPU
		{3B7E87C1-9DAC-4109-B60A-4526A98B7640}.Debug|Any CPU.Build.0 = Debug|Any CPU
		{3B7E87C1-9DAC-4109-B60A-4526A98B7640}.Release|Any CPU.ActiveCfg = Release|Any CPU
		{3B7E87C1-9DAC-4109-B60A-4526A98B7640}.Release|Any CPU.Build.0 = Release|Any CPU
	EndGlobalSection
	GlobalSection(SolutionProperties) = preSolution
		HideSolutionNode = FALSE
	EndGlobalSection
	GlobalSection(ExtensibilityGlobals) = postSolution
		SolutionGuid = {64551210-091C-426E-A67F-D639866C4A59}
	EndGlobalSection
EndGlobal
